
Microsoft Visual Studio Solution File, Format Version 12.00
# Visual Studio 15
VisualStudioVersion = 15.0.28307.779
MinimumVisualStudioVersion = 10.0.40219.1
Project("{FAE04EC0-301F-11D3-BF4B-00C04F79EFBC}") = "HW-2", "HW-2\HW-2.csproj", "{70CD444A-623F-4F02-8562-3E22DA037540}"
EndProject
Global
	GlobalSection(SolutionConfigurationPlatforms) = preSolution
		Debug|Any CPU = Debug|Any CPU
		Release|Any CPU = Release|Any CPU
	EndGlobalSection
	GlobalSection(ProjectConfigurationPlatforms) = postSolution
		{70CD444A-623F-4F02-8562-3E22DA037540}.Debug|Any CPU.ActiveCfg = Debug|Any CPU
		{70CD444A-623F-4F02-8562-3E22DA037540}.Debug|Any CPU.Build.0 = Debug|Any CPU
		{70CD444A-623F-4F02-8562-3E22DA037540}.Release|Any CPU.ActiveCfg = Release|Any CPU
		{70CD444A-623F-4F02-8562-3E22DA037540}.Release|Any CPU.Build.0 = Release|Any CPU
	EndGlobalSection
	GlobalSection(SolutionProperties) = preSolution
		HideSolutionNode = FALSE
	EndGlobalSection
	GlobalSection(ExtensibilityGlobals) = postSolution
		SolutionGuid = {8D42AE9C-1C40-496B-B73E-B952D8DAB65E}
	EndGlobalSection
EndGlobal
